
Microsoft Visual Studio Solution File, Format Version 12.00
# Visual Studio Version 17
VisualStudioVersion = 17.5.002.0
MinimumVisualStudioVersion = 10.0.40219.1
Project("{9A19103F-16F7-4668-BE54-9A1E7A4F7556}") = "ExemploFundamentos", "ExemploFundamentos\ExemploFundamentos.csproj", "{AE026703-1143-4D41-B74C-AF7411BD063E}"
EndProject
Project("{FAE04EC0-301F-11D3-BF4B-00C04F79EFBC}") = "ExemploFundamentos.Common", "ExemploFundamentos.Common\ExemploFundamentos.Common.csproj", "{6D7E6C9F-3830-4427-ACFD-32F859D61ADA}"
EndProject
Global
	GlobalSection(SolutionConfigurationPlatforms) = preSolution
		Debug|Any CPU = Debug|Any CPU
		Release|Any CPU = Release|Any CPU
	EndGlobalSection
	GlobalSection(ProjectConfigurationPlatforms) = postSolution
		{AE026703-1143-4D41-B74C-AF7411BD063E}.Debug|Any CPU.ActiveCfg = Debug|Any CPU
		{AE026703-1143-4D41-B74C-AF7411BD063E}.Debug|Any CPU.Build.0 = Debug|Any CPU
		{AE026703-1143-4D41-B74C-AF7411BD063E}.Release|Any CPU.ActiveCfg = Release|Any CPU
		{AE026703-1143-4D41-B74C-AF7411BD063E}.Release|Any CPU.Build.0 = Release|Any CPU
		{6D7E6C9F-3830-4427-ACFD-32F859D61ADA}.Debug|Any CPU.ActiveCfg = Debug|Any CPU
		{6D7E6C9F-3830-4427-ACFD-32F859D61ADA}.Debug|Any CPU.Build.0 = Debug|Any CPU
		{6D7E6C9F-3830-4427-ACFD-32F859D61ADA}.Release|Any CPU.ActiveCfg = Release|Any CPU
		{6D7E6C9F-3830-4427-ACFD-32F859D61ADA}.Release|Any CPU.Build.0 = Release|Any CPU
	EndGlobalSection
	GlobalSection(SolutionProperties) = preSolution
		HideSolutionNode = FALSE
	EndGlobalSection
	GlobalSection(ExtensibilityGlobals) = postSolution
		SolutionGuid = {BF4F47B6-F984-450D-8766-FC567B4C4237}
	EndGlobalSection
EndGlobal
